# This file is autogenerated, do not edit; changes may be undone by the next 'dep ensure'.


[[projects]]
  digest = "1:bf6c04edcd0347057e20f3a93918c879c769d8b4f1150a129854c7992510e690"
  name = "github.com/IBM-Cloud/ibm-cloud-cli-sdk"
  packages = [
    "bluemix",
    "bluemix/authentication",
    "bluemix/authentication/iam",
    "bluemix/authentication/uaa",
    "bluemix/configuration",
    "bluemix/configuration/config_helpers",
    "bluemix/configuration/core_config",
    "bluemix/http",
    "bluemix/models",
    "bluemix/terminal",
    "bluemix/trace",
    "common/file_helpers",
    "common/rest",
    "common/types",
    "i18n",
    "plugin",
    "resources",
    "testhelpers/terminal",
  ]
  pruneopts = "UT"
  revision = "8983a1c31eed993b51c9b6e404d105637dd4d134"
  version = "v0.3.0"

[[projects]]
  digest = "1:4a74adc4307805e153665b33a20ece1185f561d84cb558ee33d79b1ae6c19c17"
  name = "github.com/IBM/ibm-cos-sdk-go"
  packages = [
    "aws",
    "aws/awserr",
    "aws/awsutil",
    "aws/client",
    "aws/client/metadata",
    "aws/corehandlers",
    "aws/credentials",
    "aws/credentials/endpointcreds",
    "aws/credentials/ibmiam",
    "aws/credentials/ibmiam/token",
    "aws/credentials/ibmiam/tokenmanager",
    "aws/credentials/processcreds",
    "aws/defaults",
    "aws/endpoints",
    "aws/request",
    "aws/session",
    "aws/signer",
    "aws/signer/ibmiam",
    "aws/signer/v4",
    "internal/ini",
    "internal/s3err",
    "internal/sdkio",
    "internal/sdkmath",
    "internal/sdkrand",
    "internal/shareddefaults",
    "private/protocol",
    "private/protocol/json/jsonutil",
    "private/protocol/query",
    "private/protocol/query/queryutil",
    "private/protocol/rest",
    "private/protocol/restxml",
    "private/protocol/xml/xmlutil",
    "service/s3",
    "service/s3/s3iface",
    "service/s3/s3manager",
  ]
  pruneopts = "UT"
  revision = "20c5df25b9c3462bf3034d2f00b6dc7737f1569b"
  version = "v1.3.0"

[[projects]]
  branch = "master"
  digest = "1:5a73e8b2320070eeb804f6362f0251a21bfc5f3fa808eed185b4ec5fa6b4a152"
  name = "github.com/cloudfoundry/jibber_jabber"
  packages = ["."]
  pruneopts = "UT"
  revision = "bcc4c8345a21301bf47c032ff42dd1aae2fe3027"

[[projects]]
  digest = "1:7cb4fdca4c251b3ef8027c90ea35f70c7b661a593b9eeae34753c65499098bb1"
  name = "github.com/cpuguy83/go-md2man"
  packages = ["md2man"]
  pruneopts = "UT"
  revision = "7762f7e404f8416dfa1d9bb6a8c192aa9acb4d19"
  version = "v1.0.10"

[[projects]]
  digest = "1:ffe9824d294da03b391f44e1ae8281281b4afc1bdaa9588c9097785e3af10cec"
  name = "github.com/davecgh/go-spew"
  packages = ["spew"]
  pruneopts = "UT"
  revision = "8991bc29aa16c548c550c7ff78260e27b9ab7c73"
  version = "v1.1.1"

[[projects]]
  digest = "1:865079840386857c809b72ce300be7580cb50d3d3129ce11bf9aa6ca2bc1934a"
  name = "github.com/fatih/color"
  packages = ["."]
  pruneopts = "UT"
  revision = "5b77d2a35fb0ede96d138fc9a99f5c9b6aef11b4"
  version = "v1.7.0"

[[projects]]
  digest = "1:af43bdaaf86655a2343f113e9b293bbc16b12099eaeb223982bbe4d4c22ba14d"
  name = "github.com/fatih/structs"
  packages = ["."]
  pruneopts = "UT"
  revision = "4966fc68f5b7593aafa6cbbba2d65ec6e1416047"
  version = "v1.1.0"

[[projects]]
  digest = "1:542c15a5abb3b49d853eee9e097a07c84dedd4482e03a59862414e3d68397fc4"
  name = "github.com/google/wire"
  packages = ["."]
  pruneopts = "UT"
  revision = "a7a9b0ede2c6019fbb86a3bcdafa1661d127d7e9"
  version = "v0.2.2"

[[projects]]
  digest = "1:bb81097a5b62634f3e9fec1014657855610c82d19b9a40c17612e32651e35dca"
  name = "github.com/jmespath/go-jmespath"
  packages = ["."]
  pruneopts = "UT"
  revision = "c2b33e84"

[[projects]]
  digest = "1:c658e84ad3916da105a761660dcaeb01e63416c8ec7bc62256a9b411a05fcd67"
  name = "github.com/mattn/go-colorable"
  packages = ["."]
  pruneopts = "UT"
  revision = "167de6bfdfba052fa6b2d3664c8f5272e23c9072"
  version = "v0.0.9"

[[projects]]
  digest = "1:d62282425ffb75047679d7e2c3b980eea7f82c05ef5fb9142ee617ebac6e7432"
  name = "github.com/mattn/go-isatty"
  packages = ["."]
  pruneopts = "UT"
  revision = "88ba11cfdc67c7588b30042edf244b2875f892b6"
  version = "v0.0.10"

[[projects]]
  digest = "1:8b9352f5af622f234923139000732eb2fb32574949fa84d60a21c70e5dd7d3e6"
  name = "github.com/mattn/go-runewidth"
  packages = ["."]
  pruneopts = "UT"
  revision = "f93a0d58d5fd95e53f82782d07bb0c79d23e1290"
  version = "v0.0.6"

[[projects]]
  digest = "1:7157fd3f337f20f9058789e47f3341ae5cb77081fa01c1d678af5a03afea6f3e"
  name = "github.com/nicksnyder/go-i18n"
  packages = [
    "i18n",
    "i18n/bundle",
    "i18n/language",
    "i18n/translation",
  ]
  pruneopts = "UT"
  revision = "3c6ee9071cf061f4b0101e14412f74d6e7a8ada6"
  version = "v1.10.1"

[[projects]]
  digest = "1:6eea828983c70075ca297bb915ffbcfd3e34c5a50affd94428a65df955c0ff9c"
  name = "github.com/pelletier/go-toml"
  packages = ["."]
  pruneopts = "UT"
  revision = "903d9455db9ff1d7ac1ab199062eca7266dd11a3"
  version = "v1.6.0"

[[projects]]
  digest = "1:0028cb19b2e4c3112225cd871870f2d9cf49b9b4276531f03438a88e94be86fe"
  name = "github.com/pmezard/go-difflib"
  packages = ["difflib"]
  pruneopts = "UT"
  revision = "792786c7400a136282c1664665ae0a8db921c6c2"
  version = "v1.0.0"

[[projects]]
  branch = "master"
  digest = "1:298d47ee7c0242a63b416145017ed990169ea5a4db2b5de875a9c3cc705da774"
  name = "github.com/prataprc/goparsec"
  packages = ["."]
  pruneopts = "UT"
  revision = "2600a2a4a41082acd76ad5c952a5405726c6207a"

[[projects]]
  branch = "master"
  digest = "1:c0d79013cb6aa64cb62568bf71bdaf9d6f9bf87a0c8574c2c35d13b2fb2d1c31"
  name = "github.com/russross/blackfriday"
  packages = ["."]
  pruneopts = "UT"
  revision = "a925a152c144ea7de0f451eaf2f7db9e52fa005a"

[[projects]]
  digest = "1:ac83cf90d08b63ad5f7e020ef480d319ae890c208f8524622a2f3136e2686b02"
  name = "github.com/stretchr/objx"
  packages = ["."]
  pruneopts = "UT"
  revision = "477a77ecc69700c7cdeb1fa9e129548e1c1c393c"
  version = "v0.1.1"

[[projects]]
  digest = "1:ad527ce5c6b2426790449db7663fe53f8bb647f9387295406794c8be001238da"
  name = "github.com/stretchr/testify"
  packages = [
    "assert",
    "mock",
  ]
  pruneopts = "UT"
  revision = "221dbe5ed46703ee255b1da0dec05086f5035f62"
  version = "v1.4.0"

[[projects]]
  digest = "1:1d3ef3dd057d2eb1819e945f88cc83835296c9b7fb13ad3194c937c4e2891fee"
  name = "github.com/urfave/cli"
  packages = ["."]
  pruneopts = "UT"
  revision = "bfe2e925cfb6d44b40ad3a779165ea7e8aff9212"
  version = "v1.22.0"

[[projects]]
  branch = "master"
  digest = "1:bbe51412d9915d64ffaa96b51d409e070665efc5194fcf145c4a27d4133107a4"
  name = "golang.org/x/crypto"
  packages = ["ssh/terminal"]
  pruneopts = "UT"
  revision = "f4817d981bb690635456c5c1c6aa0585e5d45891"

[[projects]]
  branch = "master"
  digest = "1:1017834f19e0d987e8b1b928f016b0a1186a202ec1867fee7112efd4b4475bd1"
  name = "golang.org/x/sys"
  packages = [
    "unix",
    "windows",
  ]
  pruneopts = "UT"
  revision = "c1f44814a5cd81a6d1cb589ef1e528bc5d305e07"

[[projects]]
  digest = "1:f26a5d382387e03a40d1471dddfba85dfff9bf05352d7e42d37612677c4d3c5c"
  name = "gopkg.in/yaml.v2"
  packages = ["."]
  pruneopts = "UT"
  revision = "f90ceb4f409096b60e2e9076b38b304b8246e5fa"
  version = "v2.2.5"

[solve-meta]
  analyzer-name = "dep"
  analyzer-version = 1
  input-imports = [
    "github.com/IBM-Cloud/ibm-cloud-cli-sdk/bluemix/configuration/config_helpers",
    "github.com/IBM-Cloud/ibm-cloud-cli-sdk/bluemix/configuration/core_config",
    "github.com/IBM-Cloud/ibm-cloud-cli-sdk/bluemix/http",
    "github.com/IBM-Cloud/ibm-cloud-cli-sdk/bluemix/models",
    "github.com/IBM-Cloud/ibm-cloud-cli-sdk/bluemix/terminal",
    "github.com/IBM-Cloud/ibm-cloud-cli-sdk/bluemix/trace",
    "github.com/IBM-Cloud/ibm-cloud-cli-sdk/plugin",
    "github.com/IBM-Cloud/ibm-cloud-cli-sdk/testhelpers/terminal",
    "github.com/IBM/ibm-cos-sdk-go/aws",
    "github.com/IBM/ibm-cos-sdk-go/aws/awserr",
    "github.com/IBM/ibm-cos-sdk-go/aws/credentials",
    "github.com/IBM/ibm-cos-sdk-go/aws/credentials/ibmiam/token",
    "github.com/IBM/ibm-cos-sdk-go/aws/endpoints",
    "github.com/IBM/ibm-cos-sdk-go/aws/request",
    "github.com/IBM/ibm-cos-sdk-go/aws/session",
    "github.com/IBM/ibm-cos-sdk-go/service/s3",
    "github.com/IBM/ibm-cos-sdk-go/service/s3/s3iface",
    "github.com/IBM/ibm-cos-sdk-go/service/s3/s3manager",
    "github.com/cloudfoundry/jibber_jabber",
    "github.com/google/wire",
    "github.com/nicksnyder/go-i18n/i18n",
    "github.com/prataprc/goparsec",
    "github.com/russross/blackfriday",
    "github.com/stretchr/testify/assert",
    "github.com/stretchr/testify/mock",
    "github.com/urfave/cli",
  ]
  solver-name = "gps-cdcl"
  solver-version = 1
