# This file is autogenerated, do not edit; changes may be undone by the next 'dep ensure'.


[[projects]]
  digest = "1:6dd69149708d9b017ce3578dc97d7d0996e5e19e0b60ae141e38dca51786ea9b"
  name = "github.com/IBM-Cloud/ibm-cloud-cli-sdk"
  packages = [
    "bluemix",
    "bluemix/authentication",
    "bluemix/authentication/iam",
    "bluemix/authentication/uaa",
    "bluemix/configuration",
    "bluemix/configuration/config_helpers",
    "bluemix/configuration/core_config",
    "bluemix/http",
    "bluemix/models",
    "bluemix/terminal",
    "bluemix/trace",
    "common/file_helpers",
    "common/rest",
    "common/types",
    "i18n",
    "plugin",
    "resources",
    "testhelpers/terminal",
  ]
  pruneopts = "UT"
  revision = "67e7aca80eb41888a684388658ffa0a7f3764682"
  version = "v0.2.2"

[[projects]]
  digest = "1:6aee87e32cdb0fd26a356ee1571c7c0126c5da5dfb915886718f23041dd5d126"
  name = "github.com/IBM/ibm-cos-sdk-go"
  packages = [
    "aws",
    "aws/awserr",
    "aws/awsutil",
    "aws/client",
    "aws/client/metadata",
    "aws/corehandlers",
    "aws/credentials",
    "aws/credentials/endpointcreds",
    "aws/credentials/ibmiam",
    "aws/credentials/ibmiam/token",
    "aws/credentials/ibmiam/tokenmanager",
    "aws/credentials/processcreds",
    "aws/defaults",
    "aws/endpoints",
    "aws/request",
    "aws/session",
    "aws/signer",
    "aws/signer/ibmiam",
    "aws/signer/v4",
    "internal/ini",
    "internal/s3err",
    "internal/sdkio",
    "internal/sdkrand",
    "internal/shareddefaults",
    "private/protocol",
    "private/protocol/query",
    "private/protocol/query/queryutil",
    "private/protocol/rest",
    "private/protocol/restxml",
    "private/protocol/xml/xmlutil",
    "service/s3",
    "service/s3/s3iface",
  ]
  pruneopts = "UT"
  revision = "1b17a6dd2eba6ba07343b1e4656dc3283420ad8d"
  version = "1.0.1"

[[projects]]
  branch = "master"
  digest = "1:5a73e8b2320070eeb804f6362f0251a21bfc5f3fa808eed185b4ec5fa6b4a152"
  name = "github.com/cloudfoundry/jibber_jabber"
  packages = ["."]
  pruneopts = "UT"
  revision = "bcc4c8345a21301bf47c032ff42dd1aae2fe3027"

[[projects]]
  digest = "1:ffe9824d294da03b391f44e1ae8281281b4afc1bdaa9588c9097785e3af10cec"
  name = "github.com/davecgh/go-spew"
  packages = ["spew"]
  pruneopts = "UT"
  revision = "8991bc29aa16c548c550c7ff78260e27b9ab7c73"
  version = "v1.1.1"

[[projects]]
  digest = "1:865079840386857c809b72ce300be7580cb50d3d3129ce11bf9aa6ca2bc1934a"
  name = "github.com/fatih/color"
  packages = ["."]
  pruneopts = "UT"
  revision = "5b77d2a35fb0ede96d138fc9a99f5c9b6aef11b4"
  version = "v1.7.0"

[[projects]]
  digest = "1:af43bdaaf86655a2343f113e9b293bbc16b12099eaeb223982bbe4d4c22ba14d"
  name = "github.com/fatih/structs"
  packages = ["."]
  pruneopts = "UT"
  revision = "4966fc68f5b7593aafa6cbbba2d65ec6e1416047"
  version = "v1.1.0"

[[projects]]
  digest = "1:3c4df6e0ec96b9dec76f15e0bcad888fa268ee6404d1cdcaf90d7567e32a8f73"
  name = "github.com/google/wire"
  packages = ["."]
  pruneopts = "UT"
  revision = "9a7ae3ba6b734d831e88c75966fd5e9c0abdeace"
  version = "v0.2.1"

[[projects]]
  digest = "1:bb81097a5b62634f3e9fec1014657855610c82d19b9a40c17612e32651e35dca"
  name = "github.com/jmespath/go-jmespath"
  packages = ["."]
  pruneopts = "UT"
  revision = "c2b33e84"

[[projects]]
  digest = "1:c658e84ad3916da105a761660dcaeb01e63416c8ec7bc62256a9b411a05fcd67"
  name = "github.com/mattn/go-colorable"
  packages = ["."]
  pruneopts = "UT"
  revision = "167de6bfdfba052fa6b2d3664c8f5272e23c9072"
  version = "v0.0.9"

[[projects]]
  digest = "1:e150b5fafbd7607e2d638e4e5cf43aa4100124e5593385147b0a74e2733d8b0d"
  name = "github.com/mattn/go-isatty"
  packages = ["."]
  pruneopts = "UT"
  revision = "c2a7a6ca930a4cd0bc33a3f298eb71960732a3a7"
  version = "v0.0.7"

[[projects]]
  digest = "1:0356f3312c9bd1cbeda81505b7fd437501d8e778ab66998ef69f00d7f9b3a0d7"
  name = "github.com/mattn/go-runewidth"
  packages = ["."]
  pruneopts = "UT"
  revision = "3ee7d812e62a0804a7d0a324e0249ca2db3476d3"
  version = "v0.0.4"

[[projects]]
  digest = "1:07140002dbf37da92090f731b46fa47be4820b82fe5c14a035203b0e813d0ec2"
  name = "github.com/nicksnyder/go-i18n"
  packages = [
    "i18n",
    "i18n/bundle",
    "i18n/language",
    "i18n/translation",
  ]
  pruneopts = "UT"
  revision = "0dc1626d56435e9d605a29875701721c54bc9bbd"
  version = "v1.10.0"

[[projects]]
  digest = "1:93131d8002d7025da13582877c32d1fc302486775a1b06f62241741006428c5e"
  name = "github.com/pelletier/go-toml"
  packages = ["."]
  pruneopts = "UT"
  revision = "728039f679cbcd4f6a54e080d2219a4c4928c546"
  version = "v1.4.0"

[[projects]]
  digest = "1:0028cb19b2e4c3112225cd871870f2d9cf49b9b4276531f03438a88e94be86fe"
  name = "github.com/pmezard/go-difflib"
  packages = ["difflib"]
  pruneopts = "UT"
  revision = "792786c7400a136282c1664665ae0a8db921c6c2"
  version = "v1.0.0"

[[projects]]
  branch = "master"
  digest = "1:298d47ee7c0242a63b416145017ed990169ea5a4db2b5de875a9c3cc705da774"
  name = "github.com/prataprc/goparsec"
  packages = ["."]
  pruneopts = "UT"
  revision = "2600a2a4a41082acd76ad5c952a5405726c6207a"

[[projects]]
  digest = "1:ac83cf90d08b63ad5f7e020ef480d319ae890c208f8524622a2f3136e2686b02"
  name = "github.com/stretchr/objx"
  packages = ["."]
  pruneopts = "UT"
  revision = "477a77ecc69700c7cdeb1fa9e129548e1c1c393c"
  version = "v0.1.1"

[[projects]]
  digest = "1:0bcc464dabcfad5393daf87c3f8142911d0f6c52569b837e91a1c15e890265f3"
  name = "github.com/stretchr/testify"
  packages = [
    "assert",
    "mock",
  ]
  pruneopts = "UT"
  revision = "ffdc059bfe9ce6a4e144ba849dbedead332c6053"
  version = "v1.3.0"

[[projects]]
  digest = "1:b24d38b282bacf9791408a080f606370efa3d364e4b5fd9ba0f7b87786d3b679"
  name = "github.com/urfave/cli"
  packages = ["."]
  pruneopts = "UT"
  revision = "cfb38830724cc34fedffe9a2a29fb54fa9169cd1"
  version = "v1.20.0"

[[projects]]
  branch = "master"
  digest = "1:bbe51412d9915d64ffaa96b51d409e070665efc5194fcf145c4a27d4133107a4"
  name = "golang.org/x/crypto"
  packages = ["ssh/terminal"]
  pruneopts = "UT"
  revision = "a29dc8fdc73485234dbef99ebedb95d2eced08de"

[[projects]]
  branch = "master"
  digest = "1:4cf0abce65ca9e0e906fdd0d76ad1dd1dcc94afe5901473cbc7f8d623cceabb4"
  name = "golang.org/x/sys"
  packages = [
    "unix",
    "windows",
  ]
  pruneopts = "UT"
  revision = "a43fa875dd822b81eb6d2ad538bc1f4caba169bd"

[[projects]]
  digest = "1:4d2e5a73dc1500038e504a8d78b986630e3626dc027bc030ba5c75da257cdb96"
  name = "gopkg.in/yaml.v2"
  packages = ["."]
  pruneopts = "UT"
  revision = "51d6538a90f86fe93ac480b35f37b2be17fef232"
  version = "v2.2.2"

[solve-meta]
  analyzer-name = "dep"
  analyzer-version = 1
  input-imports = [
    "github.com/IBM-Cloud/ibm-cloud-cli-sdk/bluemix/configuration/config_helpers",
    "github.com/IBM-Cloud/ibm-cloud-cli-sdk/bluemix/configuration/core_config",
    "github.com/IBM-Cloud/ibm-cloud-cli-sdk/bluemix/http",
    "github.com/IBM-Cloud/ibm-cloud-cli-sdk/bluemix/models",
    "github.com/IBM-Cloud/ibm-cloud-cli-sdk/bluemix/terminal",
    "github.com/IBM-Cloud/ibm-cloud-cli-sdk/bluemix/trace",
    "github.com/IBM-Cloud/ibm-cloud-cli-sdk/i18n",
    "github.com/IBM-Cloud/ibm-cloud-cli-sdk/plugin",
    "github.com/IBM-Cloud/ibm-cloud-cli-sdk/testhelpers/terminal",
    "github.com/IBM/ibm-cos-sdk-go/aws",
    "github.com/IBM/ibm-cos-sdk-go/aws/awserr",
    "github.com/IBM/ibm-cos-sdk-go/aws/credentials",
    "github.com/IBM/ibm-cos-sdk-go/aws/credentials/ibmiam/token",
    "github.com/IBM/ibm-cos-sdk-go/aws/endpoints",
    "github.com/IBM/ibm-cos-sdk-go/aws/request",
    "github.com/IBM/ibm-cos-sdk-go/aws/session",
    "github.com/IBM/ibm-cos-sdk-go/service/s3",
    "github.com/IBM/ibm-cos-sdk-go/service/s3/s3iface",
    "github.com/cloudfoundry/jibber_jabber",
    "github.com/google/wire",
    "github.com/nicksnyder/go-i18n/i18n",
    "github.com/prataprc/goparsec",
    "github.com/stretchr/testify/assert",
    "github.com/stretchr/testify/mock",
    "github.com/urfave/cli",
  ]
  solver-name = "gps-cdcl"
  solver-version = 1
